
Microsoft Visual Studio Solution File, Format Version 11.00
# Visual Studio 2010
Project("{FAE04EC0-301F-11D3-BF4B-00C04F79EFBC}") = "Fusion_of_Worlds", "Assembly-CSharp.csproj", "{70E87EC9-837C-EC65-A8E7-973372B94CE7}"
EndProject
Global
	GlobalSection(SolutionConfigurationPlatforms) = preSolution
		Debug|Any CPU = Debug|Any CPU
		Release|Any CPU = Release|Any CPU
	EndGlobalSection
	GlobalSection(ProjectConfigurationPlatforms) = postSolution
		{70E87EC9-837C-EC65-A8E7-973372B94CE7}.Debug|Any CPU.ActiveCfg = Debug|Any CPU
		{70E87EC9-837C-EC65-A8E7-973372B94CE7}.Debug|Any CPU.Build.0 = Debug|Any CPU
		{70E87EC9-837C-EC65-A8E7-973372B94CE7}.Release|Any CPU.ActiveCfg = Release|Any CPU
		{70E87EC9-837C-EC65-A8E7-973372B94CE7}.Release|Any CPU.Build.0 = Release|Any CPU
	EndGlobalSection
	GlobalSection(SolutionProperties) = preSolution
		HideSolutionNode = FALSE
	EndGlobalSection
	GlobalSection(MonoDevelopProperties) = preSolution
		StartupItem = Assembly-CSharp.csproj
	EndGlobalSection
EndGlobal
